
Microsoft Visual Studio Solution File, Format Version 12.00
# Visual Studio Version 16
VisualStudioVersion = 16.0.32630.194
MinimumVisualStudioVersion = 10.0.40219.1
Project("{FAE04EC0-301F-11D3-BF4B-00C04F79EFBC}") = "Ice_Translate.Android", "Ice_Translate\Ice_Translate.Android\Ice_Translate.Android.csproj", "{788EEEF8-3817-452F-BF0C-C842F97E2C65}"
EndProject
Project("{FAE04EC0-301F-11D3-BF4B-00C04F79EFBC}") = "Ice_Translate.iOS", "Ice_Translate\Ice_Translate.iOS\Ice_Translate.iOS.csproj", "{C11E3E54-6CC9-4DFF-AFE4-E469AD9B3199}"
EndProject
Project("{FAE04EC0-301F-11D3-BF4B-00C04F79EFBC}") = "Ice_Translate", "Ice_Translate\Ice_Translate\Ice_Translate.csproj", "{6B1339AB-0062-4FAD-9349-4C124AD5BC26}"
EndProject
Global
	GlobalSection(SolutionConfigurationPlatforms) = preSolution
		Debug|Any CPU = Debug|Any CPU
		Debug|iPhone = Debug|iPhone
		Debug|iPhoneSimulator = Debug|iPhoneSimulator
		Release|Any CPU = Release|Any CPU
		Release|iPhone = Release|iPhone
		Release|iPhoneSimulator = Release|iPhoneSimulator
	EndGlobalSection
	GlobalSection(ProjectConfigurationPlatforms) = postSolution
		{788EEEF8-3817-452F-BF0C-C842F97E2C65}.Debug|Any CPU.ActiveCfg = Debug|Any CPU
		{788EEEF8-3817-452F-BF0C-C842F97E2C65}.Debug|Any CPU.Build.0 = Debug|Any CPU
		{788EEEF8-3817-452F-BF0C-C842F97E2C65}.Debug|Any CPU.Deploy.0 = Debug|Any CPU
		{788EEEF8-3817-452F-BF0C-C842F97E2C65}.Debug|iPhone.ActiveCfg = Debug|Any CPU
		{788EEEF8-3817-452F-BF0C-C842F97E2C65}.Debug|iPhone.Build.0 = Debug|Any CPU
		{788EEEF8-3817-452F-BF0C-C842F97E2C65}.Debug|iPhone.Deploy.0 = Debug|Any CPU
		{788EEEF8-3817-452F-BF0C-C842F97E2C65}.Debug|iPhoneSimulator.ActiveCfg = Debug|Any CPU
		{788EEEF8-3817-452F-BF0C-C842F97E2C65}.Debug|iPhoneSimulator.Build.0 = Debug|Any CPU
		{788EEEF8-3817-452F-BF0C-C842F97E2C65}.Debug|iPhoneSimulator.Deploy.0 = Debug|Any CPU
		{788EEEF8-3817-452F-BF0C-C842F97E2C65}.Release|Any CPU.ActiveCfg = Release|Any CPU
		{788EEEF8-3817-452F-BF0C-C842F97E2C65}.Release|Any CPU.Build.0 = Release|Any CPU
		{788EEEF8-3817-452F-BF0C-C842F97E2C65}.Release|Any CPU.Deploy.0 = Release|Any CPU
		{788EEEF8-3817-452F-BF0C-C842F97E2C65}.Release|iPhone.ActiveCfg = Release|Any CPU
		{788EEEF8-3817-452F-BF0C-C842F97E2C65}.Release|iPhone.Build.0 = Release|Any CPU
		{788EEEF8-3817-452F-BF0C-C842F97E2C65}.Release|iPhone.Deploy.0 = Release|Any CPU
		{788EEEF8-3817-452F-BF0C-C842F97E2C65}.Release|iPhoneSimulator.ActiveCfg = Release|Any CPU
		{788EEEF8-3817-452F-BF0C-C842F97E2C65}.Release|iPhoneSimulator.Build.0 = Release|Any CPU
		{788EEEF8-3817-452F-BF0C-C842F97E2C65}.Release|iPhoneSimulator.Deploy.0 = Release|Any CPU
		{C11E3E54-6CC9-4DFF-AFE4-E469AD9B3199}.Debug|Any CPU.ActiveCfg = Debug|iPhone
		{C11E3E54-6CC9-4DFF-AFE4-E469AD9B3199}.Debug|Any CPU.Build.0 = Debug|iPhone
		{C11E3E54-6CC9-4DFF-AFE4-E469AD9B3199}.Debug|Any CPU.Deploy.0 = Debug|iPhone
		{C11E3E54-6CC9-4DFF-AFE4-E469AD9B3199}.Debug|iPhone.ActiveCfg = Debug|iPhone
		{C11E3E54-6CC9-4DFF-AFE4-E469AD9B3199}.Debug|iPhone.Build.0 = Debug|iPhone
		{C11E3E54-6CC9-4DFF-AFE4-E469AD9B3199}.Debug|iPhone.Deploy.0 = Debug|iPhone
		{C11E3E54-6CC9-4DFF-AFE4-E469AD9B3199}.Debug|iPhoneSimulator.ActiveCfg = Debug|iPhoneSimulator
		{C11E3E54-6CC9-4DFF-AFE4-E469AD9B3199}.Debug|iPhoneSimulator.Build.0 = Debug|iPhoneSimulator
		{C11E3E54-6CC9-4DFF-AFE4-E469AD9B3199}.Debug|iPhoneSimulator.Deploy.0 = Debug|iPhoneSimulator
		{C11E3E54-6CC9-4DFF-AFE4-E469AD9B3199}.Release|Any CPU.ActiveCfg = Release|iPhoneSimulator
		{C11E3E54-6CC9-4DFF-AFE4-E469AD9B3199}.Release|Any CPU.Build.0 = Release|iPhoneSimulator
		{C11E3E54-6CC9-4DFF-AFE4-E469AD9B3199}.Release|Any CPU.Deploy.0 = Release|iPhoneSimulator
		{C11E3E54-6CC9-4DFF-AFE4-E469AD9B3199}.Release|iPhone.ActiveCfg = Release|iPhone
		{C11E3E54-6CC9-4DFF-AFE4-E469AD9B3199}.Release|iPhone.Build.0 = Release|iPhone
		{C11E3E54-6CC9-4DFF-AFE4-E469AD9B3199}.Release|iPhone.Deploy.0 = Release|iPhone
		{C11E3E54-6CC9-4DFF-AFE4-E469AD9B3199}.Release|iPhoneSimulator.ActiveCfg = Release|iPhoneSimulator
		{C11E3E54-6CC9-4DFF-AFE4-E469AD9B3199}.Release|iPhoneSimulator.Build.0 = Release|iPhoneSimulator
		{C11E3E54-6CC9-4DFF-AFE4-E469AD9B3199}.Release|iPhoneSimulator.Deploy.0 = Release|iPhoneSimulator
		{6B1339AB-0062-4FAD-9349-4C124AD5BC26}.Debug|Any CPU.ActiveCfg = Debug|Any CPU
		{6B1339AB-0062-4FAD-9349-4C124AD5BC26}.Debug|Any CPU.Build.0 = Debug|Any CPU
		{6B1339AB-0062-4FAD-9349-4C124AD5BC26}.Debug|Any CPU.Deploy.0 = Debug|Any CPU
		{6B1339AB-0062-4FAD-9349-4C124AD5BC26}.Debug|iPhone.ActiveCfg = Debug|Any CPU
		{6B1339AB-0062-4FAD-9349-4C124AD5BC26}.Debug|iPhone.Build.0 = Debug|Any CPU
		{6B1339AB-0062-4FAD-9349-4C124AD5BC26}.Debug|iPhone.Deploy.0 = Debug|Any CPU
		{6B1339AB-0062-4FAD-9349-4C124AD5BC26}.Debug|iPhoneSimulator.ActiveCfg = Debug|Any CPU
		{6B1339AB-0062-4FAD-9349-4C124AD5BC26}.Debug|iPhoneSimulator.Build.0 = Debug|Any CPU
		{6B1339AB-0062-4FAD-9349-4C124AD5BC26}.Debug|iPhoneSimulator.Deploy.0 = Debug|Any CPU
		{6B1339AB-0062-4FAD-9349-4C124AD5BC26}.Release|Any CPU.ActiveCfg = Release|Any CPU
		{6B1339AB-0062-4FAD-9349-4C124AD5BC26}.Release|Any CPU.Build.0 = Release|Any CPU
		{6B1339AB-0062-4FAD-9349-4C124AD5BC26}.Release|Any CPU.Deploy.0 = Release|Any CPU
		{6B1339AB-0062-4FAD-9349-4C124AD5BC26}.Release|iPhone.ActiveCfg = Release|Any CPU
		{6B1339AB-0062-4FAD-9349-4C124AD5BC26}.Release|iPhone.Build.0 = Release|Any CPU
		{6B1339AB-0062-4FAD-9349-4C124AD5BC26}.Release|iPhone.Deploy.0 = Release|Any CPU
		{6B1339AB-0062-4FAD-9349-4C124AD5BC26}.Release|iPhoneSimulator.ActiveCfg = Release|Any CPU
		{6B1339AB-0062-4FAD-9349-4C124AD5BC26}.Release|iPhoneSimulator.Build.0 = Release|Any CPU
		{6B1339AB-0062-4FAD-9349-4C124AD5BC26}.Release|iPhoneSimulator.Deploy.0 = Release|Any CPU
	EndGlobalSection
	GlobalSection(SolutionProperties) = preSolution
		HideSolutionNode = FALSE
	EndGlobalSection
	GlobalSection(ExtensibilityGlobals) = postSolution
		SolutionGuid = {45404B74-4560-464D-A523-AF2617D2C8D0}
	EndGlobalSection
EndGlobal
